
Microsoft Visual Studio Solution File, Format Version 12.00
# Visual Studio 15
VisualStudioVersion = 15.0.28010.2016
MinimumVisualStudioVersion = 10.0.40219.1
Project("{FAE04EC0-301F-11D3-BF4B-00C04F79EFBC}") = "ParadiseExplorer", "ParadiseExplorer\ParadiseExplorer.csproj", "{09F8B366-20B9-4B69-9538-5839C4F18D32}"
EndProject
Global
	GlobalSection(SolutionConfigurationPlatforms) = preSolution
		Debug|Any CPU = Debug|Any CPU
		Release|Any CPU = Release|Any CPU
	EndGlobalSection
	GlobalSection(ProjectConfigurationPlatforms) = postSolution
		{09F8B366-20B9-4B69-9538-5839C4F18D32}.Debug|Any CPU.ActiveCfg = Debug|Any CPU
		{09F8B366-20B9-4B69-9538-5839C4F18D32}.Debug|Any CPU.Build.0 = Debug|Any CPU
		{09F8B366-20B9-4B69-9538-5839C4F18D32}.Release|Any CPU.ActiveCfg = Release|Any CPU
		{09F8B366-20B9-4B69-9538-5839C4F18D32}.Release|Any CPU.Build.0 = Release|Any CPU
	EndGlobalSection
	GlobalSection(SolutionProperties) = preSolution
		HideSolutionNode = FALSE
	EndGlobalSection
	GlobalSection(ExtensibilityGlobals) = postSolution
		SolutionGuid = {A4733A0D-A836-409C-BE08-19A473766D04}
	EndGlobalSection
EndGlobal
